
Microsoft Visual Studio Solution File, Format Version 12.00
# Visual Studio 14
VisualStudioVersion = 14.0.24720.0
MinimumVisualStudioVersion = 10.0.40219.1
Project("{FAE04EC0-301F-11D3-BF4B-00C04F79EFBC}") = "MinecraftCommandController", "MinecraftCommandController\MinecraftCommandController.csproj", "{CF94C126-4A77-475F-816E-24EBD47C6D4F}"
EndProject
Project("{2150E333-8FDC-42A3-9474-1A3956D46DE8}") = ".nuget", ".nuget", "{99D1921B-B905-4646-834F-9BD9F505C430}"
	ProjectSection(SolutionItems) = preProject
		.nuget\NuGet.Config = .nuget\NuGet.Config
		.nuget\NuGet.exe = .nuget\NuGet.exe
		.nuget\NuGet.targets = .nuget\NuGet.targets
	EndProjectSection
EndProject
Global
	GlobalSection(SolutionConfigurationPlatforms) = preSolution
		Debug|Any CPU = Debug|Any CPU
		Release|Any CPU = Release|Any CPU
	EndGlobalSection
	GlobalSection(ProjectConfigurationPlatforms) = postSolution
		{CF94C126-4A77-475F-816E-24EBD47C6D4F}.Debug|Any CPU.ActiveCfg = Debug|Any CPU
		{CF94C126-4A77-475F-816E-24EBD47C6D4F}.Debug|Any CPU.Build.0 = Debug|Any CPU
		{CF94C126-4A77-475F-816E-24EBD47C6D4F}.Release|Any CPU.ActiveCfg = Release|Any CPU
		{CF94C126-4A77-475F-816E-24EBD47C6D4F}.Release|Any CPU.Build.0 = Release|Any CPU
	EndGlobalSection
	GlobalSection(SolutionProperties) = preSolution
		HideSolutionNode = FALSE
	EndGlobalSection
EndGlobal
